
Microsoft Visual Studio Solution File, Format Version 12.00
# Visual Studio Version 17
VisualStudioVersion = 17.6.33815.320
MinimumVisualStudioVersion = 10.0.40219.1
Project("{FAE04EC0-301F-11D3-BF4B-00C04F79EFBC}") = "Collections", "Collections.csproj", "{994DE79C-2478-48A3-BC0A-8FCCE56B2813}"
EndProject
Global
	GlobalSection(SolutionConfigurationPlatforms) = preSolution
		Debug|Any CPU = Debug|Any CPU
		Release|Any CPU = Release|Any CPU
	EndGlobalSection
	GlobalSection(ProjectConfigurationPlatforms) = postSolution
		{994DE79C-2478-48A3-BC0A-8FCCE56B2813}.Debug|Any CPU.ActiveCfg = Debug|Any CPU
		{994DE79C-2478-48A3-BC0A-8FCCE56B2813}.Debug|Any CPU.Build.0 = Debug|Any CPU
		{994DE79C-2478-48A3-BC0A-8FCCE56B2813}.Release|Any CPU.ActiveCfg = Release|Any CPU
		{994DE79C-2478-48A3-BC0A-8FCCE56B2813}.Release|Any CPU.Build.0 = Release|Any CPU
	EndGlobalSection
	GlobalSection(SolutionProperties) = preSolution
		HideSolutionNode = FALSE
	EndGlobalSection
	GlobalSection(ExtensibilityGlobals) = postSolution
		SolutionGuid = {9719754C-FC0B-4CB7-8140-8DAA750B523A}
	EndGlobalSection
EndGlobal
