
Microsoft Visual Studio Solution File, Format Version 12.00
# Visual Studio Version 17
VisualStudioVersion = 17.6.33815.320
MinimumVisualStudioVersion = 10.0.40219.1
Project("{FAE04EC0-301F-11D3-BF4B-00C04F79EFBC}") = "Delegate", "Delegate.csproj", "{1913FB7B-27CC-4AC9-B28E-2D73A5F2445E}"
EndProject
Global
	GlobalSection(SolutionConfigurationPlatforms) = preSolution
		Debug|Any CPU = Debug|Any CPU
		Release|Any CPU = Release|Any CPU
	EndGlobalSection
	GlobalSection(ProjectConfigurationPlatforms) = postSolution
		{1913FB7B-27CC-4AC9-B28E-2D73A5F2445E}.Debug|Any CPU.ActiveCfg = Debug|Any CPU
		{1913FB7B-27CC-4AC9-B28E-2D73A5F2445E}.Debug|Any CPU.Build.0 = Debug|Any CPU
		{1913FB7B-27CC-4AC9-B28E-2D73A5F2445E}.Release|Any CPU.ActiveCfg = Release|Any CPU
		{1913FB7B-27CC-4AC9-B28E-2D73A5F2445E}.Release|Any CPU.Build.0 = Release|Any CPU
	EndGlobalSection
	GlobalSection(SolutionProperties) = preSolution
		HideSolutionNode = FALSE
	EndGlobalSection
	GlobalSection(ExtensibilityGlobals) = postSolution
		SolutionGuid = {8BBE7765-BFBF-499E-9CA5-12B37F1A6117}
	EndGlobalSection
EndGlobal
