
Microsoft Visual Studio Solution File, Format Version 12.00
# Visual Studio Version 17
VisualStudioVersion = 17.6.33815.320
MinimumVisualStudioVersion = 10.0.40219.1
Project("{FAE04EC0-301F-11D3-BF4B-00C04F79EFBC}") = "Team Performance", "Team Performance.csproj", "{AC1EE862-A156-42FC-B66E-F6DF47D5DCAA}"
EndProject
Global
	GlobalSection(SolutionConfigurationPlatforms) = preSolution
		Debug|Any CPU = Debug|Any CPU
		Release|Any CPU = Release|Any CPU
	EndGlobalSection
	GlobalSection(ProjectConfigurationPlatforms) = postSolution
		{AC1EE862-A156-42FC-B66E-F6DF47D5DCAA}.Debug|Any CPU.ActiveCfg = Debug|Any CPU
		{AC1EE862-A156-42FC-B66E-F6DF47D5DCAA}.Debug|Any CPU.Build.0 = Debug|Any CPU
		{AC1EE862-A156-42FC-B66E-F6DF47D5DCAA}.Release|Any CPU.ActiveCfg = Release|Any CPU
		{AC1EE862-A156-42FC-B66E-F6DF47D5DCAA}.Release|Any CPU.Build.0 = Release|Any CPU
	EndGlobalSection
	GlobalSection(SolutionProperties) = preSolution
		HideSolutionNode = FALSE
	EndGlobalSection
	GlobalSection(ExtensibilityGlobals) = postSolution
		SolutionGuid = {AE1FB074-1384-47E4-85E4-FE221BBCFF51}
	EndGlobalSection
EndGlobal
