
Microsoft Visual Studio Solution File, Format Version 12.00
# Visual Studio Version 17
VisualStudioVersion = 17.6.33815.320
MinimumVisualStudioVersion = 10.0.40219.1
Project("{FAE04EC0-301F-11D3-BF4B-00C04F79EFBC}") = "Array Assingment", "Array Assingment.csproj", "{CA1780D3-F058-4E5C-89CC-C21AC4BFCF5C}"
EndProject
Global
	GlobalSection(SolutionConfigurationPlatforms) = preSolution
		Debug|Any CPU = Debug|Any CPU
		Release|Any CPU = Release|Any CPU
	EndGlobalSection
	GlobalSection(ProjectConfigurationPlatforms) = postSolution
		{CA1780D3-F058-4E5C-89CC-C21AC4BFCF5C}.Debug|Any CPU.ActiveCfg = Debug|Any CPU
		{CA1780D3-F058-4E5C-89CC-C21AC4BFCF5C}.Debug|Any CPU.Build.0 = Debug|Any CPU
		{CA1780D3-F058-4E5C-89CC-C21AC4BFCF5C}.Release|Any CPU.ActiveCfg = Release|Any CPU
		{CA1780D3-F058-4E5C-89CC-C21AC4BFCF5C}.Release|Any CPU.Build.0 = Release|Any CPU
	EndGlobalSection
	GlobalSection(SolutionProperties) = preSolution
		HideSolutionNode = FALSE
	EndGlobalSection
	GlobalSection(ExtensibilityGlobals) = postSolution
		SolutionGuid = {C6FD5FD7-D1E7-47B0-8239-EE96E64FA36F}
	EndGlobalSection
EndGlobal
