
Microsoft Visual Studio Solution File, Format Version 12.00
# Visual Studio Version 17
VisualStudioVersion = 17.6.33815.320
MinimumVisualStudioVersion = 10.0.40219.1
Project("{FAE04EC0-301F-11D3-BF4B-00C04F79EFBC}") = "InterfaceDemo", "InterfaceDemo.csproj", "{C8B79056-794B-450B-BAD4-DEB6BC55C05C}"
EndProject
Global
	GlobalSection(SolutionConfigurationPlatforms) = preSolution
		Debug|Any CPU = Debug|Any CPU
		Release|Any CPU = Release|Any CPU
	EndGlobalSection
	GlobalSection(ProjectConfigurationPlatforms) = postSolution
		{C8B79056-794B-450B-BAD4-DEB6BC55C05C}.Debug|Any CPU.ActiveCfg = Debug|Any CPU
		{C8B79056-794B-450B-BAD4-DEB6BC55C05C}.Debug|Any CPU.Build.0 = Debug|Any CPU
		{C8B79056-794B-450B-BAD4-DEB6BC55C05C}.Release|Any CPU.ActiveCfg = Release|Any CPU
		{C8B79056-794B-450B-BAD4-DEB6BC55C05C}.Release|Any CPU.Build.0 = Release|Any CPU
	EndGlobalSection
	GlobalSection(SolutionProperties) = preSolution
		HideSolutionNode = FALSE
	EndGlobalSection
	GlobalSection(ExtensibilityGlobals) = postSolution
		SolutionGuid = {136BEA6F-0485-48C3-BDB1-E7558FD893BA}
	EndGlobalSection
EndGlobal
