
Microsoft Visual Studio Solution File, Format Version 12.00
# Visual Studio Version 17
VisualStudioVersion = 17.6.33815.320
MinimumVisualStudioVersion = 10.0.40219.1
Project("{FAE04EC0-301F-11D3-BF4B-00C04F79EFBC}") = "Pay Slip", "Pay Slip.csproj", "{7FDD8023-909D-4710-805C-C8889E7111B4}"
EndProject
Global
	GlobalSection(SolutionConfigurationPlatforms) = preSolution
		Debug|Any CPU = Debug|Any CPU
		Release|Any CPU = Release|Any CPU
	EndGlobalSection
	GlobalSection(ProjectConfigurationPlatforms) = postSolution
		{7FDD8023-909D-4710-805C-C8889E7111B4}.Debug|Any CPU.ActiveCfg = Debug|Any CPU
		{7FDD8023-909D-4710-805C-C8889E7111B4}.Debug|Any CPU.Build.0 = Debug|Any CPU
		{7FDD8023-909D-4710-805C-C8889E7111B4}.Release|Any CPU.ActiveCfg = Release|Any CPU
		{7FDD8023-909D-4710-805C-C8889E7111B4}.Release|Any CPU.Build.0 = Release|Any CPU
	EndGlobalSection
	GlobalSection(SolutionProperties) = preSolution
		HideSolutionNode = FALSE
	EndGlobalSection
	GlobalSection(ExtensibilityGlobals) = postSolution
		SolutionGuid = {47B86161-B8A6-4E82-95A9-7356B605ED9A}
	EndGlobalSection
EndGlobal
