
Microsoft Visual Studio Solution File, Format Version 12.00
# Visual Studio Version 17
VisualStudioVersion = 17.6.33815.320
MinimumVisualStudioVersion = 10.0.40219.1
Project("{FAE04EC0-301F-11D3-BF4B-00C04F79EFBC}") = "StringDataTypeDemo", "StringDataTypeDemo.csproj", "{562E637B-BA9C-42F5-9970-6BF45CE35C51}"
EndProject
Global
	GlobalSection(SolutionConfigurationPlatforms) = preSolution
		Debug|Any CPU = Debug|Any CPU
		Release|Any CPU = Release|Any CPU
	EndGlobalSection
	GlobalSection(ProjectConfigurationPlatforms) = postSolution
		{562E637B-BA9C-42F5-9970-6BF45CE35C51}.Debug|Any CPU.ActiveCfg = Debug|Any CPU
		{562E637B-BA9C-42F5-9970-6BF45CE35C51}.Debug|Any CPU.Build.0 = Debug|Any CPU
		{562E637B-BA9C-42F5-9970-6BF45CE35C51}.Release|Any CPU.ActiveCfg = Release|Any CPU
		{562E637B-BA9C-42F5-9970-6BF45CE35C51}.Release|Any CPU.Build.0 = Release|Any CPU
	EndGlobalSection
	GlobalSection(SolutionProperties) = preSolution
		HideSolutionNode = FALSE
	EndGlobalSection
	GlobalSection(ExtensibilityGlobals) = postSolution
		SolutionGuid = {7254E512-19A1-4C50-9ED4-DFF5D1F8A9F9}
	EndGlobalSection
EndGlobal
